
Microsoft Visual Studio Solution File, Format Version 12.00
# Visual Studio 15
VisualStudioVersion = 15.0.28307.572
MinimumVisualStudioVersion = 10.0.40219.1
Project("{888888A0-9F3D-457C-B088-3A5042F75D52}") = "RSD_ArcToolBox", "RSD_ArcToolBox.pyproj", "{68D5B7FC-75FB-41E8-A746-A8DE41CC0E86}"
EndProject
Global
	GlobalSection(SolutionConfigurationPlatforms) = preSolution
		Debug|Any CPU = Debug|Any CPU
		Release|Any CPU = Release|Any CPU
	EndGlobalSection
	GlobalSection(ProjectConfigurationPlatforms) = postSolution
		{68D5B7FC-75FB-41E8-A746-A8DE41CC0E86}.Debug|Any CPU.ActiveCfg = Debug|Any CPU
		{68D5B7FC-75FB-41E8-A746-A8DE41CC0E86}.Release|Any CPU.ActiveCfg = Release|Any CPU
	EndGlobalSection
	GlobalSection(SolutionProperties) = preSolution
		HideSolutionNode = FALSE
	EndGlobalSection
	GlobalSection(ExtensibilityGlobals) = postSolution
		SolutionGuid = {AA2E82AC-CB44-4AEC-B7B9-5CCDC032F2E0}
	EndGlobalSection
EndGlobal
